# THIS IS AN AUTOGENERATED FILE. DO NOT EDIT THIS FILE DIRECTLY.
# yarn lockfile v1


"@types/node@^12.12.53":
  version "12.12.53"
  resolved "https://registry.yarnpkg.com/@types/node/-/node-12.12.53.tgz#be0d375933c3d15ef2380dafb3b0350ea7021129"
  integrity sha512-51MYTDTyCziHb70wtGNFRwB4l+5JNvdqzFSkbDvpbftEgVUBEE+T5f7pROhWMp/fxp07oNIEQZd5bbfAH22ohQ==

typescript@^3.9.7:
  version "3.9.7"
  resolved "https://registry.yarnpkg.com/typescript/-/typescript-3.9.7.tgz#98d600a5ebdc38f40cb277522f12dc800e9e25fa"
  integrity sha512-BLbiRkiBzAwsjut4x/dsibSTB6yWpwT5qWmC2OfuCg3GgVQCSgMs4vEctYPhsaGtd0AeuuHMkjZ2h2WG8MSzRw==
